// !$*UTF8*$!
{
	archiveVersion = 1;
	classes = {
	};
	objectVersion = 46;
	objects = {

/* Begin PBXBuildFile section */
		24CF2E28198899EB007960AD /* Foundation.framework in Frameworks */ = {isa = PBXBuildFile; fileRef = 24CF2E27198899EB007960AD /* Foundation.framework */; };
		24CF2E2A198899EB007960AD /* CoreGraphics.framework in Frameworks */ = {isa = PBXBuildFile; fileRef = 24CF2E29198899EB007960AD /* CoreGraphics.framework */; };
		24CF2E2C198899EB007960AD /* UIKit.framework in Frameworks */ = {isa = PBXBuildFile; fileRef = 24CF2E2B198899EB007960AD /* UIKit.framework */; };
		24CF2E32198899EB007960AD /* InfoPlist.strings in Resources */ = {isa = PBXBuildFile; fileRef = 24CF2E30198899EB007960AD /* InfoPlist.strings */; };
		24CF2E34198899EB007960AD /* main.m in Sources */ = {isa = PBXBuildFile; fileRef = 24CF2E33198899EB007960AD /* main.m */; };
		24CF2E38198899EB007960AD /* AppDelegate.m in Sources */ = {isa = PBXBuildFile; fileRef = 24CF2E37198899EB007960AD /* AppDelegate.m */; };
		24CF2E3B198899EB007960AD /* Main.storyboard in Resources */ = {isa = PBXBuildFile; fileRef = 24CF2E39198899EB007960AD /* Main.storyboard */; };
		24CF2E3E198899EB007960AD /* ViewController.m in Sources */ = {isa = PBXBuildFile; fileRef = 24CF2E3D198899EB007960AD /* ViewController.m */; };
		24CF2E40198899EB007960AD /* Images.xcassets in Resources */ = {isa = PBXBuildFile; fileRef = 24CF2E3F198899EB007960AD /* Images.xcassets */; };
		24CF2E47198899EB007960AD /* XCTest.framework in Frameworks */ = {isa = PBXBuildFile; fileRef = 24CF2E46198899EB007960AD /* XCTest.framework */; };
		24CF2E48198899EB007960AD /* Foundation.framework in Frameworks */ = {isa = PBXBuildFile; fileRef = 24CF2E27198899EB007960AD /* Foundation.framework */; };
		24CF2E49198899EB007960AD /* UIKit.framework in Frameworks */ = {isa = PBXBuildFile; fileRef = 24CF2E2B198899EB007960AD /* UIKit.framework */; };
		24CF2E51198899EC007960AD /* InfoPlist.strings in Resources */ = {isa = PBXBuildFile; fileRef = 24CF2E4F198899EC007960AD /* InfoPlist.strings */; };
		24CF2E53198899EC007960AD /* AudioToolBoxSampleTests.m in Sources */ = {isa = PBXBuildFile; fileRef = 24CF2E52198899EC007960AD /* AudioToolBoxSampleTests.m */; };
		24CF2E5D19889ADF007960AD /* AudioToolbox.framework in Frameworks */ = {isa = PBXBuildFile; fileRef = 24CF2E5C19889ADF007960AD /* AudioToolbox.framework */; };
		24CF2E601988C2B2007960AD /* fanfare.wav in Resources */ = {isa = PBXBuildFile; fileRef = 24CF2E5F1988C2B2007960AD /* fanfare.wav */; };
/* End PBXBuildFile section */

/* Begin PBXContainerItemProxy section */
		24CF2E4A198899EC007960AD /* PBXContainerItemProxy */ = {
			isa = PBXContainerItemProxy;
			containerPortal = 24CF2E1C198899EB007960AD /* Project object */;
			proxyType = 1;
			remoteGlobalIDString = 24CF2E23198899EB007960AD;
			remoteInfo = AudioToolBoxSample;
		};
/* End PBXContainerItemProxy section */

/* Begin PBXFileReference section */
		24CF2E24198899EB007960AD /* AudioToolBoxSample.app */ = {isa = PBXFileReference; explicitFileType = wrapper.application; includeInIndex = 0; path = AudioToolBoxSample.app; sourceTree = BUILT_PRODUCTS_DIR; };
		24CF2E27198899EB007960AD /* Foundation.framework */ = {isa = PBXFileReference; lastKnownFileType = wrapper.framework; name = Foundation.framework; path = System/Library/Frameworks/Foundation.framework; sourceTree = SDKROOT; };
		24CF2E29198899EB007960AD /* CoreGraphics.framework */ = {isa = PBXFileReference; lastKnownFileType = wrapper.framework; name = CoreGraphics.framework; path = System/Library/Frameworks/CoreGraphics.framework; sourceTree = SDKROOT; };
		24CF2E2B198899EB007960AD /* UIKit.framework */ = {isa = PBXFileReference; lastKnownFileType = wrapper.framework; name = UIKit.framework; path = System/Library/Frameworks/UIKit.framework; sourceTree = SDKROOT; };
		24CF2E2F198899EB007960AD /* AudioToolBoxSample-Info.plist */ = {isa = PBXFileReference; lastKnownFileType = text.plist.xml; path = "AudioToolBoxSample-Info.plist"; sourceTree = "<group>"; };
		24CF2E31198899EB007960AD /* en */ = {isa = PBXFileReference; lastKnownFileType = text.plist.strings; name = en; path = en.lproj/InfoPlist.strings; sourceTree = "<group>"; };
		24CF2E33198899EB007960AD /* main.m */ = {isa = PBXFileReference; lastKnownFileType = sourcecode.c.objc; path = main.m; sourceTree = "<group>"; };
		24CF2E35198899EB007960AD /* AudioToolBoxSample-Prefix.pch */ = {isa = PBXFileReference; lastKnownFileType = sourcecode.c.h; path = "AudioToolBoxSample-Prefix.pch"; sourceTree = "<group>"; };
		24CF2E36198899EB007960AD /* AppDelegate.h */ = {isa = PBXFileReference; lastKnownFileType = sourcecode.c.h; path = AppDelegate.h; sourceTree = "<group>"; };
		24CF2E37198899EB007960AD /* AppDelegate.m */ = {isa = PBXFileReference; lastKnownFileType = sourcecode.c.objc; path = AppDelegate.m; sourceTree = "<group>"; };
		24CF2E3A198899EB007960AD /* Base */ = {isa = PBXFileReference; lastKnownFileType = file.storyboard; name = Base; path = Base.lproj/Main.storyboard; sourceTree = "<group>"; };
		24CF2E3C198899EB007960AD /* ViewController.h */ = {isa = PBXFileReference; lastKnownFileType = sourcecode.c.h; path = ViewController.h; sourceTree = "<group>"; };
		24CF2E3D198899EB007960AD /* ViewController.m */ = {isa = PBXFileReference; lastKnownFileType = sourcecode.c.objc; path = ViewController.m; sourceTree = "<group>"; };
		24CF2E3F198899EB007960AD /* Images.xcassets */ = {isa = PBXFileReference; lastKnownFileType = folder.assetcatalog; path = Images.xcassets; sourceTree = "<group>"; };
		24CF2E45198899EB007960AD /* AudioToolBoxSampleTests.xctest */ = {isa = PBXFileReference; explicitFileType = wrapper.cfbundle; includeInIndex = 0; path = AudioToolBoxSampleTests.xctest; sourceTree = BUILT_PRODUCTS_DIR; };
		24CF2E46198899EB007960AD /* XCTest.framework */ = {isa = PBXFileReference; lastKnownFileType = wrapper.framework; name = XCTest.framework; path = Library/Frameworks/XCTest.framework; sourceTree = DEVELOPER_DIR; };
		24CF2E4E198899EC007960AD /* AudioToolBoxSampleTests-Info.plist */ = {isa = PBXFileReference; lastKnownFileType = text.plist.xml; path = "AudioToolBoxSampleTests-Info.plist"; sourceTree = "<group>"; };
		24CF2E50198899EC007960AD /* en */ = {isa = PBXFileReference; lastKnownFileType = text.plist.strings; name = en; path = en.lproj/InfoPlist.strings; sourceTree = "<group>"; };
		24CF2E52198899EC007960AD /* AudioToolBoxSampleTests.m */ = {isa = PBXFileReference; lastKnownFileType = sourcecode.c.objc; path = AudioToolBoxSampleTests.m; sourceTree = "<group>"; };
		24CF2E5C19889ADF007960AD /* AudioToolbox.framework */ = {isa = PBXFileReference; lastKnownFileType = wrapper.framework; name = AudioToolbox.framework; path = System/Library/Frameworks/AudioToolbox.framework; sourceTree = SDKROOT; };
		24CF2E5F1988C2B2007960AD /* fanfare.wav */ = {isa = PBXFileReference; lastKnownFileType = audio.wav; path = fanfare.wav; sourceTree = "<group>"; };
/* End PBXFileReference section */

/* Begin PBXFrameworksBuildPhase section */
		24CF2E21198899EB007960AD /* Frameworks */ = {
			isa = PBXFrameworksBuildPhase;
			buildActionMask = 2147483647;
			files = (
				24CF2E5D19889ADF007960AD /* AudioToolbox.framework in Frameworks */,
				24CF2E2A198899EB007960AD /* CoreGraphics.framework in Frameworks */,
				24CF2E2C198899EB007960AD /* UIKit.framework in Frameworks */,
				24CF2E28198899EB007960AD /* Foundation.framework in Frameworks */,
			);
			runOnlyForDeploymentPostprocessing = 0;
		};
		24CF2E42198899EB007960AD /* Frameworks */ = {
			isa = PBXFrameworksBuildPhase;
			buildActionMask = 2147483647;
			files = (
				24CF2E47198899EB007960AD /* XCTest.framework in Frameworks */,
				24CF2E49198899EB007960AD /* UIKit.framework in Frameworks */,
				24CF2E48198899EB007960AD /* Foundation.framework in Frameworks */,
			);
			runOnlyForDeploymentPostprocessing = 0;
		};
/* End PBXFrameworksBuildPhase section */

/* Begin PBXGroup section */
		24CF2E1B198899EB007960AD = {
			isa = PBXGroup;
			children = (
				24CF2E2D198899EB007960AD /* AudioToolBoxSample */,
				24CF2E4C198899EC007960AD /* AudioToolBoxSampleTests */,
				24CF2E26198899EB007960AD /* Frameworks */,
				24CF2E25198899EB007960AD /* Products */,
			);
			sourceTree = "<group>";
		};
		24CF2E25198899EB007960AD /* Products */ = {
			isa = PBXGroup;
			children = (
				24CF2E24198899EB007960AD /* AudioToolBoxSample.app */,
				24CF2E45198899EB007960AD /* AudioToolBoxSampleTests.xctest */,
			);
			name = Products;
			sourceTree = "<group>";
		};
		24CF2E26198899EB007960AD /* Frameworks */ = {
			isa = PBXGroup;
			children = (
				24CF2E5C19889ADF007960AD /* AudioToolbox.framework */,
				24CF2E27198899EB007960AD /* Foundation.framework */,
				24CF2E29198899EB007960AD /* CoreGraphics.framework */,
				24CF2E2B198899EB007960AD /* UIKit.framework */,
				24CF2E46198899EB007960AD /* XCTest.framework */,
			);
			name = Frameworks;
			sourceTree = "<group>";
		};
		24CF2E2D198899EB007960AD /* AudioToolBoxSample */ = {
			isa = PBXGroup;
			children = (
				24CF2E36198899EB007960AD /* AppDelegate.h */,
				24CF2E37198899EB007960AD /* AppDelegate.m */,
				24CF2E3F198899EB007960AD /* Images.xcassets */,
				24CF2E39198899EB007960AD /* Main.storyboard */,
				24CF2E3C198899EB007960AD /* ViewController.h */,
				24CF2E3D198899EB007960AD /* ViewController.m */,
				24CF2E5E1988C2B2007960AD /* Resources */,
				24CF2E2E198899EB007960AD /* Supporting Files */,
			);
			path = AudioToolBoxSample;
			sourceTree = "<group>";
		};
		24CF2E2E198899EB007960AD /* Supporting Files */ = {
			isa = PBXGroup;
			children = (
				24CF2E2F198899EB007960AD /* AudioToolBoxSample-Info.plist */,
				24CF2E30198899EB007960AD /* InfoPlist.strings */,
				24CF2E33198899EB007960AD /* main.m */,
				24CF2E35198899EB007960AD /* AudioToolBoxSample-Prefix.pch */,
			);
			name = "Supporting Files";
			sourceTree = "<group>";
		};
		24CF2E4C198899EC007960AD /* AudioToolBoxSampleTests */ = {
			isa = PBXGroup;
			children = (
				24CF2E52198899EC007960AD /* AudioToolBoxSampleTests.m */,
				24CF2E4D198899EC007960AD /* Supporting Files */,
			);
			path = AudioToolBoxSampleTests;
			sourceTree = "<group>";
		};
		24CF2E4D198899EC007960AD /* Supporting Files */ = {
			isa = PBXGroup;
			children = (
				24CF2E4E198899EC007960AD /* AudioToolBoxSampleTests-Info.plist */,
				24CF2E4F198899EC007960AD /* InfoPlist.strings */,
			);
			name = "Supporting Files";
			sourceTree = "<group>";
		};
		24CF2E5E1988C2B2007960AD /* Resources */ = {
			isa = PBXGroup;
			children = (
				24CF2E5F1988C2B2007960AD /* fanfare.wav */,
			);
			path = Resources;
			sourceTree = "<group>";
		};
/* End PBXGroup section */

/* Begin PBXNativeTarget section */
		24CF2E23198899EB007960AD /* AudioToolBoxSample */ = {
			isa = PBXNativeTarget;
			buildConfigurationList = 24CF2E56198899EC007960AD /* Build configuration list for PBXNativeTarget "AudioToolBoxSample" */;
			buildPhases = (
				24CF2E20198899EB007960AD /* Sources */,
				24CF2E21198899EB007960AD /* Frameworks */,
				24CF2E22198899EB007960AD /* Resources */,
			);
			buildRules = (
			);
			dependencies = (
			);
			name = AudioToolBoxSample;
			productName = AudioToolBoxSample;
			productReference = 24CF2E24198899EB007960AD /* AudioToolBoxSample.app */;
			productType = "com.apple.product-type.application";
		};
		24CF2E44198899EB007960AD /* AudioToolBoxSampleTests */ = {
			isa = PBXNativeTarget;
			buildConfigurationList = 24CF2E59198899EC007960AD /* Build configuration list for PBXNativeTarget "AudioToolBoxSampleTests" */;
			buildPhases = (
				24CF2E41198899EB007960AD /* Sources */,
				24CF2E42198899EB007960AD /* Frameworks */,
				24CF2E43198899EB007960AD /* Resources */,
			);
			buildRules = (
			);
			dependencies = (
				24CF2E4B198899EC007960AD /* PBXTargetDependency */,
			);
			name = AudioToolBoxSampleTests;
			productName = AudioToolBoxSampleTests;
			productReference = 24CF2E45198899EB007960AD /* AudioToolBoxSampleTests.xctest */;
			productType = "com.apple.product-type.bundle.unit-test";
		};
/* End PBXNativeTarget section */

/* Begin PBXProject section */
		24CF2E1C198899EB007960AD /* Project object */ = {
			isa = PBXProject;
			attributes = {
				LastUpgradeCheck = 0510;
				ORGANIZATIONNAME = Daiki;
				TargetAttributes = {
					24CF2E44198899EB007960AD = {
						TestTargetID = 24CF2E23198899EB007960AD;
					};
				};
			};
			buildConfigurationList = 24CF2E1F198899EB007960AD /* Build configuration list for PBXProject "AudioToolBoxSample" */;
			compatibilityVersion = "Xcode 3.2";
			developmentRegion = English;
			hasScannedForEncodings = 0;
			knownRegions = (
				en,
				Base,
			);
			mainGroup = 24CF2E1B198899EB007960AD;
			productRefGroup = 24CF2E25198899EB007960AD /* Products */;
			projectDirPath = "";
			projectRoot = "";
			targets = (
				24CF2E23198899EB007960AD /* AudioToolBoxSample */,
				24CF2E44198899EB007960AD /* AudioToolBoxSampleTests */,
			);
		};
/* End PBXProject section */

/* Begin PBXResourcesBuildPhase section */
		24CF2E22198899EB007960AD /* Resources */ = {
			isa = PBXResourcesBuildPhase;
			buildActionMask = 2147483647;
			files = (
				24CF2E40198899EB007960AD /* Images.xcassets in Resources */,
				24CF2E32198899EB007960AD /* InfoPlist.strings in Resources */,
				24CF2E601988C2B2007960AD /* fanfare.wav in Resources */,
				24CF2E3B198899EB007960AD /* Main.storyboard in Resources */,
			);
			runOnlyForDeploymentPostprocessing = 0;
		};
		24CF2E43198899EB007960AD /* Resources */ = {
			isa = PBXResourcesBuildPhase;
			buildActionMask = 2147483647;
			files = (
				24CF2E51198899EC007960AD /* InfoPlist.strings in Resources */,
			);
			runOnlyForDeploymentPostprocessing = 0;
		};
/* End PBXResourcesBuildPhase section */

/* Begin PBXSourcesBuildPhase section */
		24CF2E20198899EB007960AD /* Sources */ = {
			isa = PBXSourcesBuildPhase;
			buildActionMask = 2147483647;
			files = (
				24CF2E3E198899EB007960AD /* ViewController.m in Sources */,
				24CF2E38198899EB007960AD /* AppDelegate.m in Sources */,
				24CF2E34198899EB007960AD /* main.m in Sources */,
			);
			runOnlyForDeploymentPostprocessing = 0;
		};
		24CF2E41198899EB007960AD /* Sources */ = {
			isa = PBXSourcesBuildPhase;
			buildActionMask = 2147483647;
			files = (
				24CF2E53198899EC007960AD /* AudioToolBoxSampleTests.m in Sources */,
			);
			runOnlyForDeploymentPostprocessing = 0;
		};
/* End PBXSourcesBuildPhase section */

/* Begin PBXTargetDependency section */
		24CF2E4B198899EC007960AD /* PBXTargetDependency */ = {
			isa = PBXTargetDependency;
			target = 24CF2E23198899EB007960AD /* AudioToolBoxSample */;
			targetProxy = 24CF2E4A198899EC007960AD /* PBXContainerItemProxy */;
		};
/* End PBXTargetDependency section */

/* Begin PBXVariantGroup section */
		24CF2E30198899EB007960AD /* InfoPlist.strings */ = {
			isa = PBXVariantGroup;
			children = (
				24CF2E31198899EB007960AD /* en */,
			);
			name = InfoPlist.strings;
			sourceTree = "<group>";
		};
		24CF2E39198899EB007960AD /* Main.storyboard */ = {
			isa = PBXVariantGroup;
			children = (
				24CF2E3A198899EB007960AD /* Base */,
			);
			name = Main.storyboard;
			sourceTree = "<group>";
		};
		24CF2E4F198899EC007960AD /* InfoPlist.strings */ = {
			isa = PBXVariantGroup;
			children = (
				24CF2E50198899EC007960AD /* en */,
			);
			name = InfoPlist.strings;
			sourceTree = "<group>";
		};
/* End PBXVariantGroup section */

/* Begin XCBuildConfiguration section */
		24CF2E54198899EC007960AD /* Debug */ = {
			isa = XCBuildConfiguration;
			buildSettings = {
				ALWAYS_SEARCH_USER_PATHS = NO;
				CLANG_CXX_LANGUAGE_STANDARD = "gnu++0x";
				CLANG_CXX_LIBRARY = "libc++";
				CLANG_ENABLE_MODULES = YES;
				CLANG_ENABLE_OBJC_ARC = YES;
				CLANG_WARN_BOOL_CONVERSION = YES;
				CLANG_WARN_CONSTANT_CONVERSION = YES;
				CLANG_WARN_DIRECT_OBJC_ISA_USAGE = YES_ERROR;
				CLANG_WARN_EMPTY_BODY = YES;
				CLANG_WARN_ENUM_CONVERSION = YES;
				CLANG_WARN_INT_CONVERSION = YES;
				CLANG_WARN_OBJC_ROOT_CLASS = YES_ERROR;
				CLANG_WARN__DUPLICATE_METHOD_MATCH = YES;
				"CODE_SIGN_IDENTITY[sdk=iphoneos*]" = "iPhone Developer";
				COPY_PHASE_STRIP = NO;
				GCC_C_LANGUAGE_STANDARD = gnu99;
				GCC_DYNAMIC_NO_PIC = NO;
				GCC_OPTIMIZATION_LEVEL = 0;
				GCC_PREPROCESSOR_DEFINITIONS = (
					"DEBUG=1",
					"$(inherited)",
				);
				GCC_SYMBOLS_PRIVATE_EXTERN = NO;
				GCC_WARN_64_TO_32_BIT_CONVERSION = YES;
				GCC_WARN_ABOUT_RETURN_TYPE = YES_ERROR;
				GCC_WARN_UNDECLARED_SELECTOR = YES;
				GCC_WARN_UNINITIALIZED_AUTOS = YES_AGGRESSIVE;
				GCC_WARN_UNUSED_FUNCTION = YES;
				GCC_WARN_UNUSED_VARIABLE = YES;
				IPHONEOS_DEPLOYMENT_TARGET = 7.1;
				ONLY_ACTIVE_ARCH = YES;
				SDKROOT = iphoneos;
			};
			name = Debug;
		};
		24CF2E55198899EC007960AD /* Release */ = {
			isa = XCBuildConfiguration;
			buildSettings = {
				ALWAYS_SEARCH_USER_PATHS = NO;
				CLANG_CXX_LANGUAGE_STANDARD = "gnu++0x";
				CLANG_CXX_LIBRARY = "libc++";
				CLANG_ENABLE_MODULES = YES;
				CLANG_ENABLE_OBJC_ARC = YES;
				CLANG_WARN_BOOL_CONVERSION = YES;
				CLANG_WARN_CONSTANT_CONVERSION = YES;
				CLANG_WARN_DIRECT_OBJC_ISA_USAGE = YES_ERROR;
				CLANG_WARN_EMPTY_BODY = YES;
				CLANG_WARN_ENUM_CONVERSION = YES;
				CLANG_WARN_INT_CONVERSION = YES;
				CLANG_WARN_OBJC_ROOT_CLASS = YES_ERROR;
				CLANG_WARN__DUPLICATE_METHOD_MATCH = YES;
				"CODE_SIGN_IDENTITY[sdk=iphoneos*]" = "iPhone Developer";
				COPY_PHASE_STRIP = YES;
				ENABLE_NS_ASSERTIONS = NO;
				GCC_C_LANGUAGE_STANDARD = gnu99;
				GCC_WARN_64_TO_32_BIT_CONVERSION = YES;
				GCC_WARN_ABOUT_RETURN_TYPE = YES_ERROR;
				GCC_WARN_UNDECLARED_SELECTOR = YES;
				GCC_WARN_UNINITIALIZED_AUTOS = YES_AGGRESSIVE;
				GCC_WARN_UNUSED_FUNCTION = YES;
				GCC_WARN_UNUSED_VARIABLE = YES;
				IPHONEOS_DEPLOYMENT_TARGET = 7.1;
				SDKROOT = iphoneos;
				VALIDATE_PRODUCT = YES;
			};
			name = Release;
		};
		24CF2E57198899EC007960AD /* Debug */ = {
			isa = XCBuildConfiguration;
			buildSettings = {
				ASSETCATALOG_COMPILER_APPICON_NAME = AppIcon;
				ASSETCATALOG_COMPILER_LAUNCHIMAGE_NAME = LaunchImage;
				GCC_PRECOMPILE_PREFIX_HEADER = YES;
				GCC_PREFIX_HEADER = "AudioToolBoxSample/AudioToolBoxSample-Prefix.pch";
				INFOPLIST_FILE = "AudioToolBoxSample/AudioToolBoxSample-Info.plist";
				PRODUCT_NAME = "$(TARGET_NAME)";
				WRAPPER_EXTENSION = app;
			};
			name = Debug;
		};
		24CF2E58198899EC007960AD /* Release */ = {
			isa = XCBuildConfiguration;
			buildSettings = {
				ASSETCATALOG_COMPILER_APPICON_NAME = AppIcon;
				ASSETCATALOG_COMPILER_LAUNCHIMAGE_NAME = LaunchImage;
				GCC_PRECOMPILE_PREFIX_HEADER = YES;
				GCC_PREFIX_HEADER = "AudioToolBoxSample/AudioToolBoxSample-Prefix.pch";
				INFOPLIST_FILE = "AudioToolBoxSample/AudioToolBoxSample-Info.plist";
				PRODUCT_NAME = "$(TARGET_NAME)";
				WRAPPER_EXTENSION = app;
			};
			name = Release;
		};
		24CF2E5A198899EC007960AD /* Debug */ = {
			isa = XCBuildConfiguration;
			buildSettings = {
				BUNDLE_LOADER = "$(BUILT_PRODUCTS_DIR)/AudioToolBoxSample.app/AudioToolBoxSample";
				FRAMEWORK_SEARCH_PATHS = (
					"$(SDKROOT)/Developer/Library/Frameworks",
					"$(inherited)",
					"$(DEVELOPER_FRAMEWORKS_DIR)",
				);
				GCC_PRECOMPILE_PREFIX_HEADER = YES;
				GCC_PREFIX_HEADER = "AudioToolBoxSample/AudioToolBoxSample-Prefix.pch";
				GCC_PREPROCESSOR_DEFINITIONS = (
					"DEBUG=1",
					"$(inherited)",
				);
				INFOPLIST_FILE = "AudioToolBoxSampleTests/AudioToolBoxSampleTests-Info.plist";
				PRODUCT_NAME = "$(TARGET_NAME)";
				TEST_HOST = "$(BUNDLE_LOADER)";
				WRAPPER_EXTENSION = xctest;
			};
			name = Debug;
		};
		24CF2E5B198899EC007960AD /* Release */ = {
			isa = XCBuildConfiguration;
			buildSettings = {
				BUNDLE_LOADER = "$(BUILT_PRODUCTS_DIR)/AudioToolBoxSample.app/AudioToolBoxSample";
				FRAMEWORK_SEARCH_PATHS = (
					"$(SDKROOT)/Developer/Library/Frameworks",
					"$(inherited)",
					"$(DEVELOPER_FRAMEWORKS_DIR)",
				);
				GCC_PRECOMPILE_PREFIX_HEADER = YES;
				GCC_PREFIX_HEADER = "AudioToolBoxSample/AudioToolBoxSample-Prefix.pch";
				INFOPLIST_FILE = "AudioToolBoxSampleTests/AudioToolBoxSampleTests-Info.plist";
				PRODUCT_NAME = "$(TARGET_NAME)";
				TEST_HOST = "$(BUNDLE_LOADER)";
				WRAPPER_EXTENSION = xctest;
			};
			name = Release;
		};
/* End XCBuildConfiguration section */

/* Begin XCConfigurationList section */
		24CF2E1F198899EB007960AD /* Build configuration list for PBXProject "AudioToolBoxSample" */ = {
			isa = XCConfigurationList;
			buildConfigurations = (
				24CF2E54198899EC007960AD /* Debug */,
				24CF2E55198899EC007960AD /* Release */,
			);
			defaultConfigurationIsVisible = 0;
			defaultConfigurationName = Release;
		};
		24CF2E56198899EC007960AD /* Build configuration list for PBXNativeTarget "AudioToolBoxSample" */ = {
			isa = XCConfigurationList;
			buildConfigurations = (
				24CF2E57198899EC007960AD /* Debug */,
				24CF2E58198899EC007960AD /* Release */,
			);
			defaultConfigurationIsVisible = 0;
			defaultConfigurationName = Release;
		};
		24CF2E59198899EC007960AD /* Build configuration list for PBXNativeTarget "AudioToolBoxSampleTests" */ = {
			isa = XCConfigurationList;
			buildConfigurations = (
				24CF2E5A198899EC007960AD /* Debug */,
				24CF2E5B198899EC007960AD /* Release */,
			);
			defaultConfigurationIsVisible = 0;
			defaultConfigurationName = Release;
		};
/* End XCConfigurationList section */
	};
	rootObject = 24CF2E1C198899EB007960AD /* Project object */;
}
